
Microsoft Visual Studio Solution File, Format Version 12.00
# Visual Studio Version 17
VisualStudioVersion = 17.3.32929.385
MinimumVisualStudioVersion = 10.0.40219.1
Project("{FAE04EC0-301F-11D3-BF4B-00C04F79EFBC}") = "ControleDeNota", "ControleDeNota.csproj", "{AEC288E5-2933-45C2-B4AC-24D1237853F4}"
EndProject
Global
	GlobalSection(SolutionConfigurationPlatforms) = preSolution
		Debug|Any CPU = Debug|Any CPU
		Release|Any CPU = Release|Any CPU
	EndGlobalSection
	GlobalSection(ProjectConfigurationPlatforms) = postSolution
		{AEC288E5-2933-45C2-B4AC-24D1237853F4}.Debug|Any CPU.ActiveCfg = Debug|Any CPU
		{AEC288E5-2933-45C2-B4AC-24D1237853F4}.Debug|Any CPU.Build.0 = Debug|Any CPU
		{AEC288E5-2933-45C2-B4AC-24D1237853F4}.Release|Any CPU.ActiveCfg = Release|Any CPU
		{AEC288E5-2933-45C2-B4AC-24D1237853F4}.Release|Any CPU.Build.0 = Release|Any CPU
	EndGlobalSection
	GlobalSection(SolutionProperties) = preSolution
		HideSolutionNode = FALSE
	EndGlobalSection
	GlobalSection(ExtensibilityGlobals) = postSolution
		SolutionGuid = {204ABE0B-AD50-4E62-8772-83BA6D5E0DC1}
	EndGlobalSection
EndGlobal
